Microsoft Visual Studio Solution File, Format Version 12.00
# Visual Studio 14
VisualStudioVersion = 14.0.25420.1
MinimumVisualStudioVersion = 10.0.40219.1
Project("{8BC9CEB8-8B4A-11D0-8D11-00A0C91BC942}") = "1-MultiByteWideChar", "1-MultiByteWideChar\1-MultiByteWideChar.vcxproj", "{6F1DD2D7-169A-479A-8CEB-8B1A1A008C00}"
EndProject
Project("{8BC9CEB8-8B4A-11D0-8D11-00A0C91BC942}") = "2-CommandLineArguments", "2-CommandLineArguments\2-CommandLineArguments.vcxproj", "{2E1D6B0D-5C08-4DA0-A561-9650C1ADFD29}"
EndProject
Project("{8BC9CEB8-8B4A-11D0-8D11-00A0C91BC942}") = "3-EnvironmentVariables", "3-EnvironmentVariables\3-EnvironmentVariables.vcxproj", "{764CC89D-05C2-4A66-BD39-080991ABA859}"
EndProject
Project("{8BC9CEB8-8B4A-11D0-8D11-00A0C91BC942}") = "4-FileOperations", "4-FileOperations\4-FileOperations.vcxproj", "{4B22FC6C-92B3-4749-BEE7-1772A8E37879}"
EndProject
Project("{8BC9CEB8-8B4A-11D0-8D11-00A0C91BC942}") = "5-FileOperations1", "5-FileOperations1\5-FileOperations1.vcxproj", "{45618427-358F-4195-94D0-F0DDCEE6B8B9}"
EndProject
Project("{8BC9CEB8-8B4A-11D0-8D11-00A0C91BC942}") = "6-Process", "6-Process\6-Process.vcxproj", "{801F026C-9D69-4602-B9FA-F157A641F022}"
EndProject
Project("{8BC9CEB8-8B4A-11D0-8D11-00A0C91BC942}") = "7-TwoChildProcess", "7-TwoChildProcess\7-TwoChildProcess.vcxproj", "{AF7BD822-038E-42F0-B9AE-5977E495AF66}"
EndProject
Project("{8BC9CEB8-8B4A-11D0-8D11-00A0C91BC942}") = "8-Events", "8-Events\8-Events.vcxproj", "{4356896F-69B7-4C65-B46C-9AA111E93B05}"
EndProject
Project("{8BC9CEB8-8B4A-11D0-8D11-00A0C91BC942}") = "9-ProcessInfo", "9-ChildInherit\9-ChildInherit.vcxproj", "{43E87111-A8DF-4B4F-8D65-F0E87705A926}"
EndProject
Project("{8BC9CEB8-8B4A-11D0-8D11-00A0C91BC942}") = "11-ChildProcessInheritsFile", "11-ChildProcessInheritsFile\11-ChildProcessInheritsFile.vcxproj", "{418B06F8-C4BD-4D0D-AB92-719E7FDD77D1}"
EndProject
Project("{8BC9CEB8-8B4A-11D0-8D11-00A0C91BC942}") = "12-ThreadCreation", "12-ThreadCreation\12-ThreadCreation.vcxproj", "{E41F1F20-782F-478E-9FC4-840B3EDF4802}"
EndProject
Project("{8BC9CEB8-8B4A-11D0-8D11-00A0C91BC942}") = "13-InitialSuspendedThread", "13-InitialSuspendedThread\13-InitialSuspendedThread.vcxproj", "{823E1245-C629-4D03-A2A3-142A55E47143}"
EndProject
Project("{8BC9CEB8-8B4A-11D0-8D11-00A0C91BC942}") = "14-SecondaryThreadandExit", "14-SecondaryThreadandExit\14-SecondaryThreadandExit.vcxproj", "{44CFBF73-7817-43DC-AE43-0324228CEAB1}"
EndProject
Project("{8BC9CEB8-8B4A-11D0-8D11-00A0C91BC942}") = "15-TerminateThread", "15-TerminateThread\15-TerminateThread.vcxproj", "{24EA0858-7BAE-4AEA-A568-0947ED2A9E0F}"
EndProject
Project("{8BC9CEB8-8B4A-11D0-8D11-00A0C91BC942}") = "10-ProcessInheritEvent", "10-ProcessInheritEvent\10-ProcessInheritEvent.vcxproj", "{6B226A36-2E04-464D-BD9D-5F65848C3E0A}"
EndProject
Project("{8BC9CEB8-8B4A-11D0-8D11-00A0C91BC942}") = "10-ProcessInheritEvent2", "10-ProcessInheritEvent2\10-ProcessInheritEvent2.vcxproj", "{6903529B-2388-4F31-AFE6-323071873644}"
EndProject
Project("{8BC9CEB8-8B4A-11D0-8D11-00A0C91BC942}") = "16-ProcessPriority", "16-ProcessPriority\16-ProcessPriority.vcxproj", "{B7F660DA-2F4A-4F08-ACC4-CE1ACF9AD305}"
EndProject
Project("{8BC9CEB8-8B4A-11D0-8D11-00A0C91BC942}") = "16-ProcessPriority2", "16-ProcessPriority2\16-ProcessPriority2.vcxproj", "{4E0F7ACD-0B4B-4008-A48C-6FF91D734834}"
EndProject
Project("{8BC9CEB8-8B4A-11D0-8D11-00A0C91BC942}") = "17-UnsyncThreads", "17-UnsyncThreads\17-UnsyncThreads.vcxproj", "{7675ED93-FD09-4403-BC33-04D5F9136351}"
EndProject
Global
	GlobalSection(SolutionConfigurationPlatforms) = preSolution
		Debug|x64 = Debug|x64
		Debug|x86 = Debug|x86
		Release|x64 = Release|x64
		Release|x86 = Release|x86
	EndGlobalSection
	GlobalSection(ProjectConfigurationPlatforms) = postSolution
		{6F1DD2D7-169A-479A-8CEB-8B1A1A008C00}.Debug|x64.ActiveCfg = Debug|x64
		{6F1DD2D7-169A-479A-8CEB-8B1A1A008C00}.Debug|x64.Build.0 = Debug|x64
		{6F1DD2D7-169A-479A-8CEB-8B1A1A008C00}.Debug|x86.ActiveCfg = Debug|Win32
		{6F1DD2D7-169A-479A-8CEB-8B1A1A008C00}.Debug|x86.Build.0 = Debug|Win32
		{6F1DD2D7-169A-479A-8CEB-8B1A1A008C00}.Release|x64.ActiveCfg = Release|x64
		{6F1DD2D7-169A-479A-8CEB-8B1A1A008C00}.Release|x64.Build.0 = Release|x64
		{6F1DD2D7-169A-479A-8CEB-8B1A1A008C00}.Release|x86.ActiveCfg = Release|Win32
		{6F1DD2D7-169A-479A-8CEB-8B1A1A008C00}.Release|x86.Build.0 = Release|Win32
		{2E1D6B0D-5C08-4DA0-A561-9650C1ADFD29}.Debug|x64.ActiveCfg = Debug|x64
		{2E1D6B0D-5C08-4DA0-A561-9650C1ADFD29}.Debug|x64.Build.0 = Debug|x64
		{2E1D6B0D-5C08-4DA0-A561-9650C1ADFD29}.Debug|x86.ActiveCfg = Debug|Win32
		{2E1D6B0D-5C08-4DA0-A561-9650C1ADFD29}.Debug|x86.Build.0 = Debug|Win32
		{2E1D6B0D-5C08-4DA0-A561-9650C1ADFD29}.Release|x64.ActiveCfg = Release|x64
		{2E1D6B0D-5C08-4DA0-A561-9650C1ADFD29}.Release|x64.Build.0 = Release|x64
		{2E1D6B0D-5C08-4DA0-A561-9650C1ADFD29}.Release|x86.ActiveCfg = Release|Win32
		{2E1D6B0D-5C08-4DA0-A561-9650C1ADFD29}.Release|x86.Build.0 = Release|Win32
		{764CC89D-05C2-4A66-BD39-080991ABA859}.Debug|x64.ActiveCfg = Debug|x64
		{764CC89D-05C2-4A66-BD39-080991ABA859}.Debug|x64.Build.0 = Debug|x64
		{764CC89D-05C2-4A66-BD39-080991ABA859}.Debug|x86.ActiveCfg = Debug|Win32
		{764CC89D-05C2-4A66-BD39-080991ABA859}.Debug|x86.Build.0 = Debug|Win32
		{764CC89D-05C2-4A66-BD39-080991ABA859}.Release|x64.ActiveCfg = Release|x64
		{764CC89D-05C2-4A66-BD39-080991ABA859}.Release|x64.Build.0 = Release|x64
		{764CC89D-05C2-4A66-BD39-080991ABA859}.Release|x86.ActiveCfg = Release|Win32
		{764CC89D-05C2-4A66-BD39-080991ABA859}.Release|x86.Build.0 = Release|Win32
		{4B22FC6C-92B3-4749-BEE7-1772A8E37879}.Debug|x64.ActiveCfg = Debug|x64
		{4B22FC6C-92B3-4749-BEE7-1772A8E37879}.Debug|x64.Build.0 = Debug|x64
		{4B22FC6C-92B3-4749-BEE7-1772A8E37879}.Debug|x86.ActiveCfg = Debug|Win32
		{4B22FC6C-92B3-4749-BEE7-1772A8E37879}.Debug|x86.Build.0 = Debug|Win32
		{4B22FC6C-92B3-4749-BEE7-1772A8E37879}.Release|x64.ActiveCfg = Release|x64
		{4B22FC6C-92B3-4749-BEE7-1772A8E37879}.Release|x64.Build.0 = Release|x64
		{4B22FC6C-92B3-4749-BEE7-1772A8E37879}.Release|x86.ActiveCfg = Release|Win32
		{4B22FC6C-92B3-4749-BEE7-1772A8E37879}.Release|x86.Build.0 = Release|Win32
		{45618427-358F-4195-94D0-F0DDCEE6B8B9}.Debug|x64.ActiveCfg = Debug|x64
		{45618427-358F-4195-94D0-F0DDCEE6B8B9}.Debug|x64.Build.0 = Debug|x64
		{45618427-358F-4195-94D0-F0DDCEE6B8B9}.Debug|x86.ActiveCfg = Debug|Win32
		{45618427-358F-4195-94D0-F0DDCEE6B8B9}.Debug|x86.Build.0 = Debug|Win32
		{45618427-358F-4195-94D0-F0DDCEE6B8B9}.Release|x64.ActiveCfg = Release|x64
		{45618427-358F-4195-94D0-F0DDCEE6B8B9}.Release|x64.Build.0 = Release|x64
		{45618427-358F-4195-94D0-F0DDCEE6B8B9}.Release|x86.ActiveCfg = Release|Win32
		{45618427-358F-4195-94D0-F0DDCEE6B8B9}.Release|x86.Build.0 = Release|Win32
		{801F026C-9D69-4602-B9FA-F157A641F022}.Debug|x64.ActiveCfg = Debug|x64
		{801F026C-9D69-4602-B9FA-F157A641F022}.Debug|x64.Build.0 = Debug|x64
		{801F026C-9D69-4602-B9FA-F157A641F022}.Debug|x86.ActiveCfg = Debug|Win32
		{801F026C-9D69-4602-B9FA-F157A641F022}.Debug|x86.Build.0 = Debug|Win32
		{801F026C-9D69-4602-B9FA-F157A641F022}.Release|x64.ActiveCfg = Release|x64
		{801F026C-9D69-4602-B9FA-F157A641F022}.Release|x64.Build.0 = Release|x64
		{801F026C-9D69-4602-B9FA-F157A641F022}.Release|x86.ActiveCfg = Release|Win32
		{801F026C-9D69-4602-B9FA-F157A641F022}.Release|x86.Build.0 = Release|Win32
		{AF7BD822-038E-42F0-B9AE-5977E495AF66}.Debug|x64.ActiveCfg = Debug|x64
		{AF7BD822-038E-42F0-B9AE-5977E495AF66}.Debug|x64.Build.0 = Debug|x64
		{AF7BD822-038E-42F0-B9AE-5977E495AF66}.Debug|x86.ActiveCfg = Debug|Win32
		{AF7BD822-038E-42F0-B9AE-5977E495AF66}.Debug|x86.Build.0 = Debug|Win32
		{AF7BD822-038E-42F0-B9AE-5977E495AF66}.Release|x64.ActiveCfg = Release|x64
		{AF7BD822-038E-42F0-B9AE-5977E495AF66}.Release|x64.Build.0 = Release|x64
		{AF7BD822-038E-42F0-B9AE-5977E495AF66}.Release|x86.ActiveCfg = Release|Win32
		{AF7BD822-038E-42F0-B9AE-5977E495AF66}.Release|x86.Build.0 = Release|Win32
		{4356896F-69B7-4C65-B46C-9AA111E93B05}.Debug|x64.ActiveCfg = Debug|x64
		{4356896F-69B7-4C65-B46C-9AA111E93B05}.Debug|x64.Build.0 = Debug|x64
		{4356896F-69B7-4C65-B46C-9AA111E93B05}.Debug|x86.ActiveCfg = Debug|Win32
		{4356896F-69B7-4C65-B46C-9AA111E93B05}.Debug|x86.Build.0 = Debug|Win32
		{4356896F-69B7-4C65-B46C-9AA111E93B05}.Release|x64.ActiveCfg = Release|x64
		{4356896F-69B7-4C65-B46C-9AA111E93B05}.Release|x64.Build.0 = Release|x64
		{4356896F-69B7-4C65-B46C-9AA111E93B05}.Release|x86.ActiveCfg = Release|Win32
		{4356896F-69B7-4C65-B46C-9AA111E93B05}.Release|x86.Build.0 = Release|Win32
		{43E87111-A8DF-4B4F-8D65-F0E87705A926}.Debug|x64.ActiveCfg = Debug|x64
		{43E87111-A8DF-4B4F-8D65-F0E87705A926}.Debug|x64.Build.0 = Debug|x64
		{43E87111-A8DF-4B4F-8D65-F0E87705A926}.Debug|x86.ActiveCfg = Debug|Win32
		{43E87111-A8DF-4B4F-8D65-F0E87705A926}.Debug|x86.Build.0 = Debug|Win32
		{43E87111-A8DF-4B4F-8D65-F0E87705A926}.Release|x64.ActiveCfg = Release|x64
		{43E87111-A8DF-4B4F-8D65-F0E87705A926}.Release|x64.Build.0 = Release|x64
		{43E87111-A8DF-4B4F-8D65-F0E87705A926}.Release|x86.ActiveCfg = Release|Win32
		{43E87111-A8DF-4B4F-8D65-F0E87705A926}.Release|x86.Build.0 = Release|Win32
		{418B06F8-C4BD-4D0D-AB92-719E7FDD77D1}.Debug|x64.ActiveCfg = Debug|x64
		{418B06F8-C4BD-4D0D-AB92-719E7FDD77D1}.Debug|x64.Build.0 = Debug|x64
		{418B06F8-C4BD-4D0D-AB92-719E7FDD77D1}.Debug|x86.ActiveCfg = Debug|Win32
		{418B06F8-C4BD-4D0D-AB92-719E7FDD77D1}.Debug|x86.Build.0 = Debug|Win32
		{418B06F8-C4BD-4D0D-AB92-719E7FDD77D1}.Release|x64.ActiveCfg = Release|x64
		{418B06F8-C4BD-4D0D-AB92-719E7FDD77D1}.Release|x64.Build.0 = Release|x64
		{418B06F8-C4BD-4D0D-AB92-719E7FDD77D1}.Release|x86.ActiveCfg = Release|Win32
		{418B06F8-C4BD-4D0D-AB92-719E7FDD77D1}.Release|x86.Build.0 = Release|Win32
		{E41F1F20-782F-478E-9FC4-840B3EDF4802}.Debug|x64.ActiveCfg = Debug|x64
		{E41F1F20-782F-478E-9FC4-840B3EDF4802}.Debug|x64.Build.0 = Debug|x64
		{E41F1F20-782F-478E-9FC4-840B3EDF4802}.Debug|x86.ActiveCfg = Debug|Win32
		{E41F1F20-782F-478E-9FC4-840B3EDF4802}.Debug|x86.Build.0 = Debug|Win32
		{E41F1F20-782F-478E-9FC4-840B3EDF4802}.Release|x64.ActiveCfg = Release|x64
		{E41F1F20-782F-478E-9FC4-840B3EDF4802}.Release|x64.Build.0 = Release|x64
		{E41F1F20-782F-478E-9FC4-840B3EDF4802}.Release|x86.ActiveCfg = Release|Win32
		{E41F1F20-782F-478E-9FC4-840B3EDF4802}.Release|x86.Build.0 = Release|Win32
		{823E1245-C629-4D03-A2A3-142A55E47143}.Debug|x64.ActiveCfg = Debug|x64
		{823E1245-C629-4D03-A2A3-142A55E47143}.Debug|x64.Build.0 = Debug|x64
		{823E1245-C629-4D03-A2A3-142A55E47143}.Debug|x86.ActiveCfg = Debug|Win32
		{823E1245-C629-4D03-A2A3-142A55E47143}.Debug|x86.Build.0 = Debug|Win32
		{823E1245-C629-4D03-A2A3-142A55E47143}.Release|x64.ActiveCfg = Release|x64
		{823E1245-C629-4D03-A2A3-142A55E47143}.Release|x64.Build.0 = Release|x64
		{823E1245-C629-4D03-A2A3-142A55E47143}.Release|x86.ActiveCfg = Release|Win32
		{823E1245-C629-4D03-A2A3-142A55E47143}.Release|x86.Build.0 = Release|Win32
		{44CFBF73-7817-43DC-AE43-0324228CEAB1}.Debug|x64.ActiveCfg = Debug|x64
		{44CFBF73-7817-43DC-AE43-0324228CEAB1}.Debug|x64.Build.0 = Debug|x64
		{44CFBF73-7817-43DC-AE43-0324228CEAB1}.Debug|x86.ActiveCfg = Debug|Win32
		{44CFBF73-7817-43DC-AE43-0324228CEAB1}.Debug|x86.Build.0 = Debug|Win32
		{44CFBF73-7817-43DC-AE43-0324228CEAB1}.Release|x64.ActiveCfg = Release|x64
		{44CFBF73-7817-43DC-AE43-0324228CEAB1}.Release|x64.Build.0 = Release|x64
		{44CFBF73-7817-43DC-AE43-0324228CEAB1}.Release|x86.ActiveCfg = Release|Win32
		{44CFBF73-7817-43DC-AE43-0324228CEAB1}.Release|x86.Build.0 = Release|Win32
		{24EA0858-7BAE-4AEA-A568-0947ED2A9E0F}.Debug|x64.ActiveCfg = Debug|x64
		{24EA0858-7BAE-4AEA-A568-0947ED2A9E0F}.Debug|x64.Build.0 = Debug|x64
		{24EA0858-7BAE-4AEA-A568-0947ED2A9E0F}.Debug|x86.ActiveCfg = Debug|Win32
		{24EA0858-7BAE-4AEA-A568-0947ED2A9E0F}.Debug|x86.Build.0 = Debug|Win32
		{24EA0858-7BAE-4AEA-A568-0947ED2A9E0F}.Release|x64.ActiveCfg = Release|x64
		{24EA0858-7BAE-4AEA-A568-0947ED2A9E0F}.Release|x64.Build.0 = Release|x64
		{24EA0858-7BAE-4AEA-A568-0947ED2A9E0F}.Release|x86.ActiveCfg = Release|Win32
		{24EA0858-7BAE-4AEA-A568-0947ED2A9E0F}.Release|x86.Build.0 = Release|Win32
		{6B226A36-2E04-464D-BD9D-5F65848C3E0A}.Debug|x64.ActiveCfg = Debug|x64
		{6B226A36-2E04-464D-BD9D-5F65848C3E0A}.Debug|x64.Build.0 = Debug|x64
		{6B226A36-2E04-464D-BD9D-5F65848C3E0A}.Debug|x86.ActiveCfg = Debug|Win32
		{6B226A36-2E04-464D-BD9D-5F65848C3E0A}.Debug|x86.Build.0 = Debug|Win32
		{6B226A36-2E04-464D-BD9D-5F65848C3E0A}.Release|x64.ActiveCfg = Release|x64
		{6B226A36-2E04-464D-BD9D-5F65848C3E0A}.Release|x64.Build.0 = Release|x64
		{6B226A36-2E04-464D-BD9D-5F65848C3E0A}.Release|x86.ActiveCfg = Release|Win32
		{6B226A36-2E04-464D-BD9D-5F65848C3E0A}.Release|x86.Build.0 = Release|Win32
		{6903529B-2388-4F31-AFE6-323071873644}.Debug|x64.ActiveCfg = Debug|x64
		{6903529B-2388-4F31-AFE6-323071873644}.Debug|x64.Build.0 = Debug|x64
		{6903529B-2388-4F31-AFE6-323071873644}.Debug|x86.ActiveCfg = Debug|Win32
		{6903529B-2388-4F31-AFE6-323071873644}.Debug|x86.Build.0 = Debug|Win32
		{6903529B-2388-4F31-AFE6-323071873644}.Release|x64.ActiveCfg = Release|x64
		{6903529B-2388-4F31-AFE6-323071873644}.Release|x64.Build.0 = Release|x64
		{6903529B-2388-4F31-AFE6-323071873644}.Release|x86.ActiveCfg = Release|Win32
		{6903529B-2388-4F31-AFE6-323071873644}.Release|x86.Build.0 = Release|Win32
		{B7F660DA-2F4A-4F08-ACC4-CE1ACF9AD305}.Debug|x64.ActiveCfg = Debug|x64
		{B7F660DA-2F4A-4F08-ACC4-CE1ACF9AD305}.Debug|x64.Build.0 = Debug|x64
		{B7F660DA-2F4A-4F08-ACC4-CE1ACF9AD305}.Debug|x86.ActiveCfg = Debug|Win32
		{B7F660DA-2F4A-4F08-ACC4-CE1ACF9AD305}.Debug|x86.Build.0 = Debug|Win32
		{B7F660DA-2F4A-4F08-ACC4-CE1ACF9AD305}.Release|x64.ActiveCfg = Release|x64
		{B7F660DA-2F4A-4F08-ACC4-CE1ACF9AD305}.Release|x64.Build.0 = Release|x64
		{B7F660DA-2F4A-4F08-ACC4-CE1ACF9AD305}.Release|x86.ActiveCfg = Release|Win32
		{B7F660DA-2F4A-4F08-ACC4-CE1ACF9AD305}.Release|x86.Build.0 = Release|Win32
		{4E0F7ACD-0B4B-4008-A48C-6FF91D734834}.Debug|x64.ActiveCfg = Debug|x64
		{4E0F7ACD-0B4B-4008-A48C-6FF91D734834}.Debug|x64.Build.0 = Debug|x64
		{4E0F7ACD-0B4B-4008-A48C-6FF91D734834}.Debug|x86.ActiveCfg = Debug|Win32
		{4E0F7ACD-0B4B-4008-A48C-6FF91D734834}.Debug|x86.Build.0 = Debug|Win32
		{4E0F7ACD-0B4B-4008-A48C-6FF91D734834}.Release|x64.ActiveCfg = Release|x64
		{4E0F7ACD-0B4B-4008-A48C-6FF91D734834}.Release|x64.Build.0 = Release|x64
		{4E0F7ACD-0B4B-4008-A48C-6FF91D734834}.Release|x86.ActiveCfg = Release|Win32
		{4E0F7ACD-0B4B-4008-A48C-6FF91D734834}.Release|x86.Build.0 = Release|Win32
		{7675ED93-FD09-4403-BC33-04D5F9136351}.Debug|x64.ActiveCfg = Debug|x64
		{7675ED93-FD09-4403-BC33-04D5F9136351}.Debug|x64.Build.0 = Debug|x64
		{7675ED93-FD09-4403-BC33-04D5F9136351}.Debug|x86.ActiveCfg = Debug|Win32
		{7675ED93-FD09-4403-BC33-04D5F9136351}.Debug|x86.Build.0 = Debug|Win32
		{7675ED93-FD09-4403-BC33-04D5F9136351}.Release|x64.ActiveCfg = Release|x64
		{7675ED93-FD09-4403-BC33-04D5F9136351}.Release|x64.Build.0 = Release|x64
		{7675ED93-FD09-4403-BC33-04D5F9136351}.Release|x86.ActiveCfg = Release|Win32
		{7675ED93-FD09-4403-BC33-04D5F9136351}.Release|x86.Build.0 = Release|Win32
	EndGlobalSection
	GlobalSection(SolutionProperties) = preSolution
		HideSolutionNode = FALSE
	EndGlobalSection
	GlobalSection(ExtensibilityGlobals) = postSolution
		SolutionGuid = {9AA6E593-72B5-43FC-B1C5-7059431315DD}
	EndGlobalSection
EndGlobal
