
Microsoft Visual Studio Solution File, Format Version 12.00
# Visual Studio 14
VisualStudioVersion = 14.0.25420.1
MinimumVisualStudioVersion = 10.0.40219.1
Project("{8BC9CEB8-8B4A-11D0-8D11-00A0C91BC942}") = "MultiByteWideChar", "MultiByteWideChar\MultiByteWideChar.vcxproj", "{6F1DD2D7-169A-479A-8CEB-8B1A1A008C00}"
EndProject
Project("{8BC9CEB8-8B4A-11D0-8D11-00A0C91BC942}") = "CommandLineArguments", "CommandLineArguments\CommandLineArguments.vcxproj", "{2E1D6B0D-5C08-4DA0-A561-9650C1ADFD29}"
EndProject
Project("{8BC9CEB8-8B4A-11D0-8D11-00A0C91BC942}") = "EnvironmentVariables", "EnvironmentVariables\EnvironmentVariables.vcxproj", "{764CC89D-05C2-4A66-BD39-080991ABA859}"
EndProject
Project("{8BC9CEB8-8B4A-11D0-8D11-00A0C91BC942}") = "FileOperations", "FileOperations\FileOperations.vcxproj", "{4B22FC6C-92B3-4749-BEE7-1772A8E37879}"
EndProject
Global
	GlobalSection(SolutionConfigurationPlatforms) = preSolution
		Debug|x64 = Debug|x64
		Debug|x86 = Debug|x86
		Release|x64 = Release|x64
		Release|x86 = Release|x86
	EndGlobalSection
	GlobalSection(ProjectConfigurationPlatforms) = postSolution
		{6F1DD2D7-169A-479A-8CEB-8B1A1A008C00}.Debug|x64.ActiveCfg = Debug|x64
		{6F1DD2D7-169A-479A-8CEB-8B1A1A008C00}.Debug|x64.Build.0 = Debug|x64
		{6F1DD2D7-169A-479A-8CEB-8B1A1A008C00}.Debug|x86.ActiveCfg = Debug|Win32
		{6F1DD2D7-169A-479A-8CEB-8B1A1A008C00}.Debug|x86.Build.0 = Debug|Win32
		{6F1DD2D7-169A-479A-8CEB-8B1A1A008C00}.Release|x64.ActiveCfg = Release|x64
		{6F1DD2D7-169A-479A-8CEB-8B1A1A008C00}.Release|x64.Build.0 = Release|x64
		{6F1DD2D7-169A-479A-8CEB-8B1A1A008C00}.Release|x86.ActiveCfg = Release|Win32
		{6F1DD2D7-169A-479A-8CEB-8B1A1A008C00}.Release|x86.Build.0 = Release|Win32
		{2E1D6B0D-5C08-4DA0-A561-9650C1ADFD29}.Debug|x64.ActiveCfg = Debug|x64
		{2E1D6B0D-5C08-4DA0-A561-9650C1ADFD29}.Debug|x64.Build.0 = Debug|x64
		{2E1D6B0D-5C08-4DA0-A561-9650C1ADFD29}.Debug|x86.ActiveCfg = Debug|Win32
		{2E1D6B0D-5C08-4DA0-A561-9650C1ADFD29}.Debug|x86.Build.0 = Debug|Win32
		{2E1D6B0D-5C08-4DA0-A561-9650C1ADFD29}.Release|x64.ActiveCfg = Release|x64
		{2E1D6B0D-5C08-4DA0-A561-9650C1ADFD29}.Release|x64.Build.0 = Release|x64
		{2E1D6B0D-5C08-4DA0-A561-9650C1ADFD29}.Release|x86.ActiveCfg = Release|Win32
		{2E1D6B0D-5C08-4DA0-A561-9650C1ADFD29}.Release|x86.Build.0 = Release|Win32
		{764CC89D-05C2-4A66-BD39-080991ABA859}.Debug|x64.ActiveCfg = Debug|x64
		{764CC89D-05C2-4A66-BD39-080991ABA859}.Debug|x64.Build.0 = Debug|x64
		{764CC89D-05C2-4A66-BD39-080991ABA859}.Debug|x86.ActiveCfg = Debug|Win32
		{764CC89D-05C2-4A66-BD39-080991ABA859}.Debug|x86.Build.0 = Debug|Win32
		{764CC89D-05C2-4A66-BD39-080991ABA859}.Release|x64.ActiveCfg = Release|x64
		{764CC89D-05C2-4A66-BD39-080991ABA859}.Release|x64.Build.0 = Release|x64
		{764CC89D-05C2-4A66-BD39-080991ABA859}.Release|x86.ActiveCfg = Release|Win32
		{764CC89D-05C2-4A66-BD39-080991ABA859}.Release|x86.Build.0 = Release|Win32
		{4B22FC6C-92B3-4749-BEE7-1772A8E37879}.Debug|x64.ActiveCfg = Debug|x64
		{4B22FC6C-92B3-4749-BEE7-1772A8E37879}.Debug|x64.Build.0 = Debug|x64
		{4B22FC6C-92B3-4749-BEE7-1772A8E37879}.Debug|x86.ActiveCfg = Debug|Win32
		{4B22FC6C-92B3-4749-BEE7-1772A8E37879}.Debug|x86.Build.0 = Debug|Win32
		{4B22FC6C-92B3-4749-BEE7-1772A8E37879}.Release|x64.ActiveCfg = Release|x64
		{4B22FC6C-92B3-4749-BEE7-1772A8E37879}.Release|x64.Build.0 = Release|x64
		{4B22FC6C-92B3-4749-BEE7-1772A8E37879}.Release|x86.ActiveCfg = Release|Win32
		{4B22FC6C-92B3-4749-BEE7-1772A8E37879}.Release|x86.Build.0 = Release|Win32
	EndGlobalSection
	GlobalSection(SolutionProperties) = preSolution
		HideSolutionNode = FALSE
	EndGlobalSection
EndGlobal
